{
  "originHash" : "ad026be655874fb4a4e56db43511283ce8118b2604eea0a387eadb80f31adcc6",
  "pins" : [
    {
      "identity" : "hwp-swift",
      "kind" : "remoteSourceControl",
      "location" : "https://github.com/sboh1214/hwp-swift",
      "state" : {
        "branch" : "main",
        "revision" : "c325d137f9bbfe1d0b53a593ec24751e7f142aae"
      }
    },
    {
      "identity" : "olekit",
      "kind" : "remoteSourceControl",
      "location" : "https://github.com/CoreOffice/OLEKit.git",
      "state" : {
        "revision" : "2cc7a98b4ac4e9ce022336258a3bc4ff6bfc285b",
        "version" : "0.3.1"
      }
    },
    {
      "identity" : "swift-argument-parser",
      "kind" : "remoteSourceControl",
      "location" : "https://github.com/apple/swift-argument-parser",
      "state" : {
        "revision" : "6a52f3251125d74daf04fcbd5e6f08a75d074382",
        "version" : "1.8.2"
      }
    },
    {
      "identity" : "swift-cmark",
      "kind" : "remoteSourceControl",
      "location" : "https://github.com/swiftlang/swift-cmark.git",
      "state" : {
        "revision" : "924936d0427cb25a61169739a7660230bffa6ea6",
        "version" : "0.8.0"
      }
    },
    {
      "identity" : "swift-markdown",
      "kind" : "remoteSourceControl",
      "location" : "https://github.com/swiftlang/swift-markdown.git",
      "state" : {
        "revision" : "3c6f9523da3a1ec2fd829673e472d95b8097a3b8",
        "version" : "0.8.0"
      }
    },
    {
      "identity" : "swifttext",
      "kind" : "remoteSourceControl",
      "location" : "https://github.com/Cocoanetics/SwiftText.git",
      "state" : {
        "branch" : "main",
        "revision" : "8093c0d3b22754bdbde895230f0f72dbfde6c69d"
      }
    },
    {
      "identity" : "xmlkit",
      "kind" : "remoteSourceControl",
      "location" : "https://github.com/Cocoanetics/XMLKit.git",
      "state" : {
        "revision" : "92f0051ab9f2d570647b8b76f688b53bdfc1bf06",
        "version" : "1.0.1"
      }
    },
    {
      "identity" : "zipfoundation",
      "kind" : "remoteSourceControl",
      "location" : "https://github.com/weichsel/ZIPFoundation.git",
      "state" : {
        "revision" : "187ee77287ea4b23df4d7de32771ec38bbafb840"
      }
    }
  ],
  "version" : 3
}
